
Microsoft Visual Studio Solution File, Format Version 12.00
# Visual Studio 15
VisualStudioVersion = 15.0.28307.168
MinimumVisualStudioVersion = 10.0.40219.1
Project("{FAE04EC0-301F-11D3-BF4B-00C04F79EFBC}") = "Computer_vision_test", "Computer_vision_test\Computer_vision_test.csproj", "{313C94F7-C630-46B0-A16C-7155FD13F318}"
EndProject
Global
	GlobalSection(SolutionConfigurationPlatforms) = preSolution
		Debug|Any CPU = Debug|Any CPU
		Release|Any CPU = Release|Any CPU
	EndGlobalSection
	GlobalSection(ProjectConfigurationPlatforms) = postSolution
		{313C94F7-C630-46B0-A16C-7155FD13F318}.Debug|Any CPU.ActiveCfg = Debug|Any CPU
		{313C94F7-C630-46B0-A16C-7155FD13F318}.Debug|Any CPU.Build.0 = Debug|Any CPU
		{313C94F7-C630-46B0-A16C-7155FD13F318}.Release|Any CPU.ActiveCfg = Release|Any CPU
		{313C94F7-C630-46B0-A16C-7155FD13F318}.Release|Any CPU.Build.0 = Release|Any CPU
	EndGlobalSection
	GlobalSection(SolutionProperties) = preSolution
		HideSolutionNode = FALSE
	EndGlobalSection
	GlobalSection(ExtensibilityGlobals) = postSolution
		SolutionGuid = {DB4573F5-A9AD-4850-9FDB-0DC1147D947D}
	EndGlobalSection
EndGlobal
